<Project xmlns="http://schemas.microsoft.com/developer/msbuild/2003">
    <PropertyGroup>
        <ProjectGuid>{EDE35822-1CE3-4DA7-9038-EE6C30BF716F}</ProjectGuid>
        <ProjectVersion>16.1</ProjectVersion>
        <FrameworkType>VCL</FrameworkType>
        <MainSource>AIS.dpr</MainSource>
        <Base>True</Base>
        <Config Condition="'$(Config)'==''">Debug</Config>
        <Platform Condition="'$(Platform)'==''">Win32</Platform>
        <TargetedPlatforms>1</TargetedPlatforms>
        <AppType>Application</AppType>
    </PropertyGroup>
    <PropertyGroup Condition="'$(Config)'=='Base' or '$(Base)'!=''">
        <Base>true</Base>
    </PropertyGroup>
    <PropertyGroup Condition="('$(Platform)'=='Win32' and '$(Base)'=='true') or '$(Base_Win32)'!=''">
        <Base_Win32>true</Base_Win32>
        <CfgParent>Base</CfgParent>
        <Base>true</Base>
    </PropertyGroup>
    <PropertyGroup Condition="('$(Platform)'=='Win64' and '$(Base)'=='true') or '$(Base_Win64)'!=''">
        <Base_Win64>true</Base_Win64>
        <CfgParent>Base</CfgParent>
        <Base>true</Base>
    </PropertyGroup>
    <PropertyGroup Condition="'$(Config)'=='Debug' or '$(Cfg_1)'!=''">
        <Cfg_1>true</Cfg_1>
        <CfgParent>Base</CfgParent>
        <Base>true</Base>
    </PropertyGroup>
    <PropertyGroup Condition="('$(Platform)'=='Win32' and '$(Cfg_1)'=='true') or '$(Cfg_1_Win32)'!=''">
        <Cfg_1_Win32>true</Cfg_1_Win32>
        <CfgParent>Cfg_1</CfgParent>
        <Cfg_1>true</Cfg_1>
        <Base>true</Base>
    </PropertyGroup>
    <PropertyGroup Condition="'$(Config)'=='Release' or '$(Cfg_2)'!=''">
        <Cfg_2>true</Cfg_2>
        <CfgParent>Base</CfgParent>
        <Base>true</Base>
    </PropertyGroup>
    <PropertyGroup Condition="'$(Base)'!=''">
        <SanitizedProjectName>AIS</SanitizedProjectName>
        <Icon_MainIcon>$(BDS)\bin\delphi_PROJECTICON.ico</Icon_MainIcon>
        <DCC_Namespace>System;Xml;Data;Datasnap;Web;Soap;Vcl;Vcl.Imaging;Vcl.Touch;Vcl.Samples;Vcl.Shell;$(DCC_Namespace)</DCC_Namespace>
        <DCC_DcuOutput>.\$(Platform)\$(Config)</DCC_DcuOutput>
        <DCC_ExeOutput>.\$(Platform)\$(Config)</DCC_ExeOutput>
        <DCC_E>false</DCC_E>
        <DCC_N>false</DCC_N>
        <DCC_S>false</DCC_S>
        <DCC_F>false</DCC_F>
        <DCC_K>false</DCC_K>
    </PropertyGroup>
    <PropertyGroup Condition="'$(Base_Win32)'!=''">
        <DCC_UnitSearchPath>..\..\Common\;..\..\Common\Common;..\..\Common\AppContext;..\..\Common\Config;..\..\Common\Config\Info;..\..\Common\OldInterface;..\..\Common\Thread;..\..\Common\Thread\Impl;..\..\Common\Cache;..\..\Common\Service;..\..\Common\FastLog;..\..\Common\FastLog\Impl;..\..\Common\SyncAsync;..\..\Common\Cipher;..\..\Common\Cipher\AES;..\..\Common\Cipher\RSA;..\..\Common\Cipher\MD5;..\..\Common\Cipher\CRC;..\..\Common\Cipher\Base64;..\..\Common\Cipher\Impl;..\..\Common\Utils;..\..\Common\Language;..\..\Common\Delphi3rd\NativeXML;..\..\Common\Delphi3rd\UniDAC5_5_12\Source\UniProviders\SQLite;..\..\Common\Delphi3rd\UniDAC5_5_12\Source;..\..\Common\Delphi3rd\UniDAC5_5_12\Lib\Delphi21\Win32;$(DCC_UnitSearchPath)</DCC_UnitSearchPath>
        <VerInfo_Locale>1033</VerInfo_Locale>
        <VerInfo_IncludeVerInfo>true</VerInfo_IncludeVerInfo>
        <Manifest_File>$(BDS)\bin\default_app.manifest</Manifest_File>
        <DCC_Namespace>Winapi;System.Win;Data.Win;Datasnap.Win;Web.Win;Soap.Win;Xml.Win;Bde;$(DCC_Namespace)</DCC_Namespace>
        <DCC_UsePackage>EurekaLogCore;NxGridRun_dxe7;FireDACSqliteDriver;FireDACDSDriver;DBXSqliteDriver;FireDACPgDriver;fmx;RaizeComponentsVcl;IndySystem;frxe21;TeeDB;tethering;vclib;DBXInterBaseDriver;DataSnapClient;DataSnapServer;DataSnapCommon;frx21;DataSnapProviderClient;DBXSybaseASEDriver;DbxCommonDriver;vclimg;NxDBGridRun_dxe7;dbxcds;DatasnapConnectorsFreePascal;MetropolisUILiveTile;NxCommonDsgn_dxe7;vcldb;vcldsnap;NxSheetRun_dxe7;fmxFireDAC;DBXDb2Driver;DBXOracleDriver;CustomIPTransport;NxCollectionDsgn_dxe7;vclribbon;dsnap;IndyIPServer;fmxase;vcl;IndyCore;DBXMSSQLDriver;IndyIPCommon;CloudService;FmxTeeUI;FireDACIBDriver;CodeSiteExpressPkg;DataSnapFireDAC;FireDACDBXDriver;soapserver;inetdbxpress;dsnapxml;FireDACInfxDriver;FireDACDb2Driver;NxDBGridDsgn_dxe7;adortl;NxAddonsRun_dxe7;FireDACASADriver;bindcompfmx;NxInspectorRun_dxe7;FireDACODBCDriver;RESTBackendComponents;emsclientfiredac;rtl;dbrtl;DbxClientDriver;FireDACCommon;bindcomp;inetdb;frxTee21;Tee;DBXOdbcDriver;frxDB21;vclFireDAC;xmlrtl;DataSnapNativeClient;svnui;ibxpress;IndyProtocols;DBXMySQLDriver;FireDACCommonDriver;bindengine;vclactnband;bindcompdbx;soaprtl;FMXTee;TeeUI;bindcompvcl;NxCommonRun_dxe7;vclie;FireDACADSDriver;vcltouch;NxInspectorDsgn_dxe7;emsclient;VCLRESTComponents;FireDACMSSQLDriver;FireDAC;VclSmp;DBXInformixDriver;Intraweb;NxGridDsgn_dxe7;DataSnapConnectors;dsnapcon;DBXFirebirdDriver;inet;fmxobj;NxCollectionRun_dxe7;FireDACMySQLDriver;soapmidas;vclx;svn;DBXSybaseASADriver;FireDACOracleDriver;fmxdae;RESTComponents;FireDACMSAccDriver;dbexpress;DataSnapIndy10ServerTransport;IndyIPClient;$(DCC_UsePackage)</DCC_UsePackage>
        <VerInfo_Keys>CompanyName=;FileDescription=;FileVersion=1.0.0.0;InternalName=;LegalCopyright=;LegalTrademarks=;OriginalFilename=;ProductName=;ProductVersion=1.0.0.0;Comments=</VerInfo_Keys>
    </PropertyGroup>
    <PropertyGroup Condition="'$(Base_Win64)'!=''">
        <DCC_UsePackage>NxGridRun_dxe7;FireDACSqliteDriver;FireDACDSDriver;DBXSqliteDriver;FireDACPgDriver;fmx;RaizeComponentsVcl;IndySystem;TeeDB;tethering;vclib;DBXInterBaseDriver;DataSnapClient;DataSnapServer;DataSnapCommon;DataSnapProviderClient;DBXSybaseASEDriver;DbxCommonDriver;vclimg;NxDBGridRun_dxe7;dbxcds;DatasnapConnectorsFreePascal;MetropolisUILiveTile;NxCommonDsgn_dxe7;vcldb;vcldsnap;NxSheetRun_dxe7;fmxFireDAC;DBXDb2Driver;DBXOracleDriver;CustomIPTransport;NxCollectionDsgn_dxe7;vclribbon;dsnap;IndyIPServer;fmxase;vcl;IndyCore;DBXMSSQLDriver;IndyIPCommon;CloudService;FmxTeeUI;FireDACIBDriver;DataSnapFireDAC;FireDACDBXDriver;soapserver;inetdbxpress;dsnapxml;FireDACInfxDriver;FireDACDb2Driver;NxDBGridDsgn_dxe7;adortl;NxAddonsRun_dxe7;FireDACASADriver;bindcompfmx;NxInspectorRun_dxe7;FireDACODBCDriver;RESTBackendComponents;emsclientfiredac;rtl;dbrtl;DbxClientDriver;FireDACCommon;bindcomp;inetdb;Tee;DBXOdbcDriver;vclFireDAC;xmlrtl;DataSnapNativeClient;ibxpress;IndyProtocols;DBXMySQLDriver;FireDACCommonDriver;bindengine;vclactnband;bindcompdbx;soaprtl;FMXTee;TeeUI;bindcompvcl;NxCommonRun_dxe7;vclie;FireDACADSDriver;vcltouch;NxInspectorDsgn_dxe7;emsclient;VCLRESTComponents;FireDACMSSQLDriver;FireDAC;VclSmp;DBXInformixDriver;Intraweb;NxGridDsgn_dxe7;DataSnapConnectors;dsnapcon;DBXFirebirdDriver;inet;fmxobj;NxCollectionRun_dxe7;FireDACMySQLDriver;soapmidas;vclx;DBXSybaseASADriver;FireDACOracleDriver;fmxdae;RESTComponents;FireDACMSAccDriver;dbexpress;DataSnapIndy10ServerTransport;IndyIPClient;$(DCC_UsePackage)</DCC_UsePackage>
    </PropertyGroup>
    <PropertyGroup Condition="'$(Cfg_1)'!=''">
        <DCC_Define>DEBUG;$(DCC_Define)</DCC_Define>
        <DCC_DebugDCUs>true</DCC_DebugDCUs>
        <DCC_Optimize>false</DCC_Optimize>
        <DCC_GenerateStackFrames>true</DCC_GenerateStackFrames>
        <DCC_DebugInfoInExe>true</DCC_DebugInfoInExe>
        <DCC_RemoteDebug>true</DCC_RemoteDebug>
    </PropertyGroup>
    <PropertyGroup Condition="'$(Cfg_1_Win32)'!=''">
        <DCC_ExeOutput>..\..\Run\Debug\Bin</DCC_ExeOutput>
        <VerInfo_IncludeVerInfo>true</VerInfo_IncludeVerInfo>
        <VerInfo_Locale>1033</VerInfo_Locale>
        <DCC_RemoteDebug>false</DCC_RemoteDebug>
    </PropertyGroup>
    <PropertyGroup Condition="'$(Cfg_2)'!=''">
        <DCC_LocalDebugSymbols>false</DCC_LocalDebugSymbols>
        <DCC_Define>RELEASE;$(DCC_Define)</DCC_Define>
        <DCC_SymbolReferenceInfo>0</DCC_SymbolReferenceInfo>
        <DCC_DebugInformation>0</DCC_DebugInformation>
    </PropertyGroup>
    <ItemGroup>
        <DelphiCompile Include="$(MainSource)">
            <MainSource>MainSource</MainSource>
        </DelphiCompile>
        <DCCReference Include="AIUI\Main.pas">
            <Form>frmMain</Form>
        </DCCReference>
        <DCCReference Include="Login\UI\LoginMainUI.pas">
            <Form>LoginMainUI</Form>
        </DCCReference>
        <DCCReference Include="Login\UI\LoginBindUI.pas">
            <Form>LoginBindUI</Form>
        </DCCReference>
        <DCCReference Include="Login\UI\LoginSettingUI.pas">
            <Form>LoginSettingUI</Form>
        </DCCReference>
        <DCCReference Include="Login\Login.pas"/>
        <DCCReference Include="Login\LoginGFType.pas"/>
        <DCCReference Include="Login\LoginUFXUser.pas"/>
        <DCCReference Include="Login\LoginGILUser.pas"/>
        <DCCReference Include="Login\LoginPBOXUser.pas"/>
        <DCCReference Include="Login\LoginMgr.pas"/>
        <DCCReference Include="Login\LoginMgrImpl.pas"/>
        <DCCReference Include="AppContext\Impl\AppContextImpl.pas"/>
        <DCCReference Include="Cache\WNComDataSet.pas"/>
        <DCCReference Include="Cache\SQLiteDataSet.pas"/>
        <DCCReference Include="Cache\SQLiteAdapter.pas"/>
        <DCCReference Include="Cache\CacheGF.pas"/>
        <DCCReference Include="Cache\CacheTable.pas"/>
        <DCCReference Include="Cache\CacheBaseData.pas"/>
        <DCCReference Include="Cache\CacheUserData.pas"/>
        <DCCReference Include="Cache\CacheOperateType.pas"/>
        <DCCReference Include="Cache\Impl\CacheImpl.pas"/>
        <DCCReference Include="Cache\Impl\CacheBaseDataImpl.pas"/>
        <DCCReference Include="Cache\Impl\CacheUserDataImpl.pas"/>
        <DCCReference Include="Security\Security.pas"/>
        <DCCReference Include="Security\SecuConst.pas"/>
        <DCCReference Include="Security\SecuUpdate.pas"/>
        <DCCReference Include="Security\SecuritySQL.pas"/>
        <DCCReference Include="Security\SecurityType.pas"/>
        <DCCReference Include="Security\SecurityImpl.pas"/>
        <DCCReference Include="Security\SecuBaseData.pas"/>
        <DCCReference Include="Security\SecuBaseDataImpl.pas"/>
        <DCCReference Include="Msg\MsgSys.pas"/>
        <DCCReference Include="Msg\MsgType.pas"/>
        <DCCReference Include="Msg\MsgSysImpl.pas"/>
        <DCCReference Include="Msg\MsgFactory.pas"/>
        <DCCReference Include="Msg\MsgReceiver.pas"/>
        <DCCReference Include="Msg\MsgServices.pas"/>
        <DCCReference Include="Msg\MsgSubcribeMgr.pas"/>
        <DCCReference Include="Msg\MsgReceiverImpl.pas"/>
        <DCCReference Include="Msg\MsgServicesImpl.pas"/>
        <DCCReference Include="Msg\Impl\PlugLoadMsgSysImpl.pas"/>
        <DCCReference Include="Msg\Impl\NDayModifyPasswordMsgSysImpl.pas"/>
        <DCCReference Include="Msg\Impl\SecuBaseDataUpdateMsgSysImpl.pas"/>
        <DCCReference Include="Service\Service.pas"/>
        <DCCReference Include="Service\ServiceBase.pas"/>
        <DCCReference Include="Service\ServiceAsset.pas"/>
        <DCCReference Include="Service\ServiceConst.pas"/>
        <DCCReference Include="Service\Impl\ServiceImpl.pas"/>
        <DCCReference Include="Service\Impl\ServiceBaseImpl.pas"/>
        <DCCReference Include="Service\Impl\ServiceAssetImpl.pas"/>
        <DCCReference Include="Config\ConfigImpl.pas"/>
        <DCCReference Include="Config\CfgCacheImpl.pas"/>
        <DCCReference Include="Config\Info\WebInfo.pas"/>
        <DCCReference Include="Config\Info\UrlInfo.pas"/>
        <DCCReference Include="Config\Info\UserInfo.pas"/>
        <DCCReference Include="Config\Info\ProxyInfo.pas"/>
        <DCCReference Include="Config\Info\LoginInfo.pas"/>
        <DCCReference Include="Config\Info\SyscfgInfo.pas"/>
        <DCCReference Include="Config\Info\UpdateInfo.pas"/>
        <DCCReference Include="Config\Info\ServerInfo.pas"/>
        <DCCReference Include="Config\Info\CompanyInfo.pas"/>
        <DCCReference Include="Config\Info\Impl\WebInfoImpl.pas"/>
        <DCCReference Include="Config\Info\Impl\UrlInfoImpl.pas"/>
        <DCCReference Include="Config\Info\Impl\UserInfoImpl.pas"/>
        <DCCReference Include="Config\Info\Impl\ProxyInfoImpl.pas"/>
        <DCCReference Include="Config\Info\Impl\LoginInfoImpl.pas"/>
        <DCCReference Include="Config\Info\Impl\SyscfgInfoImpl.pas"/>
        <DCCReference Include="Config\Info\Impl\UpdateInfoImpl.pas"/>
        <DCCReference Include="Config\Info\Impl\ServerInfoImpl.pas"/>
        <DCCReference Include="Config\Info\Impl\CompanyInfoImpl.pas"/>
        <DCCReference Include="UserBehavior\Behavior.pas"/>
        <DCCReference Include="UserBehavior\BehaviorPool.pas"/>
        <DCCReference Include="UserBehavior\UserBehavior.pas"/>
        <DCCReference Include="UserBehavior\UserBehaviorImpl.pas"/>
        <DCCReference Include="PlugIn\Impl\UserBehaviorPlugInImpl.pas"/>
        <DCCReference Include="Chrome\Chrome.pas"/>
        <DCCReference Include="Update\Update.pas"/>
        <DCCReference Include="Update\UpdatePool.pas"/>
        <DCCReference Include="Update\UpdateCheck.pas"/>
        <DCCReference Include="Update\UpdateGenerate.pas"/>
        <DCCReference Include="Download\DownloadMgr.pas"/>
        <DCCReference Include="Download\DownloadJob.pas"/>
        <DCCReference Include="Download\DownloadMgrImpl.pas"/>
        <DCCReference Include="Permission\Permission.pas"/>
        <DCCReference Include="Permission\PermissionMgr.pas"/>
        <DCCReference Include="Permission\PermissionMgrImpl.pas"/>
        <DCCReference Include="Sector\Sector.pas"/>
        <DCCReference Include="Sector\SectorImpl.pas"/>
        <DCCReference Include="Sector\SectorMgr.pas"/>
        <DCCReference Include="Sector\SectorUserMgr.pas"/>
        <DCCReference Include="Sector\SectorUserMgrImpl.pas"/>
        <DCCReference Include="Language\Language.pas"/>
        <DCCReference Include="Language\LanguageMgr.pas"/>
        <DCCReference Include="Language\LanguageConst.pas"/>
        <DCCReference Include="Language\LanguageMgrImpl.pas"/>
        <DCCReference Include="Language\LanguageChinese.pas"/>
        <DCCReference Include="Language\LanguageTraditionalChinese.pas"/>
        <DCCReference Include="PlugIn\PlugIn.pas"/>
        <DCCReference Include="PlugIn\PlugInMgr.pas"/>
        <DCCReference Include="PlugIn\PlugInImpl.pas"/>
        <DCCReference Include="PlugIn\Impl\O32PlugInImpl.pas"/>
        <DCCReference Include="PlugIn\Impl\ConfigPlugInImpl.pas"/>
        <DCCReference Include="PlugIn\Impl\LoginMgrPlugInImpl.pas"/>
        <DCCReference Include="PlugIn\Impl\CipherMgrPlugInImpl.pas"/>
        <DCCReference Include="PlugIn\Impl\DownloadMgrPlugInImpl.pas"/>
        <DCCReference Include="PlugIn\Impl\MsgServicesPlugInImpl.pas"/>
        <DCCReference Include="PlugIn\Impl\SecuBaseDataPlugInImpl.pas"/>
        <DCCReference Include="PlugIn\Impl\CacheBaseDataPlugInImpl.pas"/>
        <DCCReference Include="PlugIn\Impl\PermissionMgrPlugInImpl.pas"/>
        <DCCReference Include="PlugIn\Impl\CacheUserDataPlugInImpl.pas"/>
        <DCCReference Include="PlugIn\Impl\ServiceBasePlugInImpl.pas"/>
        <DCCReference Include="PlugIn\Impl\SectorUserMgrPlugInImpl.pas"/>
        <DCCReference Include="PlugIn\Impl\ServiceAssetPlugInImpl.pas"/>
        <DCCReference Include="IPC\IPCMsg.pas"/>
        <DCCReference Include="O32\O32Com.pas"/>
        <DCCReference Include="O32\O32ComImpl.pas"/>
        <DCCReference Include="KeyFairy\KeyFairy.pas"/>
        <DCCReference Include="KeyFairy\KeyFairyMgr.pas"/>
        <DCCReference Include="KeyFairy\KeyFairyPool.pas"/>
        <DCCReference Include="KeyFairy\KeyFairyMgrImpl.pas"/>
        <DCCReference Include="Command\Command.pas"/>
        <DCCReference Include="Command\CommandMgr.pas"/>
        <DCCReference Include="Command\CommandPerm.pas"/>
        <DCCReference Include="Command\CommandConst.pas"/>
        <DCCReference Include="Command\Impl\CommandImpl.pas"/>
        <DCCReference Include="Command\Impl\CommandMgrImpl.pas"/>
        <DCCReference Include="Command\CommandRegisterClassMgr.pas"/>
        <DCCReference Include="Command\Impl\CommandMsgReceiverImpl.pas"/>
        <DCCReference Include="Command\Impl\CommandRegisterClassMgrImpl.pas"/>
        <DCCReference Include="AIUI\UI\FormUI.pas"/>
        <DCCReference Include="AIUI\UI\ImageUI.pas"/>
        <DCCReference Include="AIUI\UI\PanelUI.pas"/>
        <DCCReference Include="AIUI\UI\ButtonUI.pas"/>
        <DCCReference Include="AIUI\UI\CanvasUI.pas"/>
        <DCCReference Include="AIUI\UI\RenderUI.pas"/>
        <DCCReference Include="AIUI\UI\ControlUI.pas"/>
        <DCCReference Include="AIUI\UI\PageControlUI.pas"/>
        <DCCReference Include="Verify\Verify.pas"/>
        <DCCReference Include="Verify\VerifyImpl.pas"/>
        <BuildConfiguration Include="Release">
            <Key>Cfg_2</Key>
            <CfgParent>Base</CfgParent>
        </BuildConfiguration>
        <BuildConfiguration Include="Base">
            <Key>Base</Key>
        </BuildConfiguration>
        <BuildConfiguration Include="Debug">
            <Key>Cfg_1</Key>
            <CfgParent>Base</CfgParent>
        </BuildConfiguration>
    </ItemGroup>
    <ProjectExtensions>
        <Borland.Personality>Delphi.Personality.12</Borland.Personality>
        <Borland.ProjectType>Application</Borland.ProjectType>
        <BorlandProject>
            <Delphi.Personality>
                <Source>
                    <Source Name="MainSource">AIS.dpr</Source>
                </Source>
                <Excluded_Packages>
                    <Excluded_Packages Name="$(BDSBIN)\dclDataSnapNativeServer210.bpl">Embarcadero DBExpress DataSnap Native Server Components</Excluded_Packages>
                    <Excluded_Packages Name="$(BDSBIN)\bcboffice2k210.bpl">Embarcadero C++Builder Office 2000 Servers Package</Excluded_Packages>
                    <Excluded_Packages Name="$(BDSBIN)\bcbofficexp210.bpl">Embarcadero C++Builder Office XP Servers Package</Excluded_Packages>
                    <Excluded_Packages Name="$(BDSBIN)\dcloffice2k210.bpl">Microsoft Office 2000 Sample Automation Server Wrapper Components</Excluded_Packages>
                    <Excluded_Packages Name="$(BDSBIN)\dclofficexp210.bpl">Microsoft Office XP Sample Automation Server Wrapper Components</Excluded_Packages>
                    <Excluded_Packages Name="d:\Program Files (x86)\Raize\RC6\Bin\RaizeComponentsVclDb_Design210.bpl">Raize Components 6.1.10 (Data-Aware)</Excluded_Packages>
                </Excluded_Packages>
            </Delphi.Personality>
            <Deployment>
                <DeployFile LocalName="..\NewBin\Debug\AIS.exe" Configuration="Debug" Class="ProjectOutput">
                    <Platform Name="Win32">
                        <RemoteName>AIS.exe</RemoteName>
                        <Overwrite>true</Overwrite>
                    </Platform>
                </DeployFile>
                <DeployFile LocalName="..\NewBin\Debug\Bin\AIS.exe" Configuration="Debug" Class="ProjectOutput">
                    <Platform Name="Win32">
                        <RemoteName>AIS.exe</RemoteName>
                        <Overwrite>true</Overwrite>
                    </Platform>
                </DeployFile>
                <DeployFile LocalName="..\Bin\Debug\AIS.exe" Configuration="Debug" Class="ProjectOutput">
                    <Platform Name="Win32">
                        <RemoteName>AIS.exe</RemoteName>
                        <Overwrite>true</Overwrite>
                    </Platform>
                </DeployFile>
                <DeployFile LocalName="..\..\Run\Debug\Bin\AIS.exe" Configuration="Debug" Class="ProjectOutput">
                    <Platform Name="Win32">
                        <RemoteName>AIS.exe</RemoteName>
                        <Overwrite>true</Overwrite>
                    </Platform>
                </DeployFile>
                <DeployFile LocalName="Win32\Debug\AIS.exe" Configuration="Debug" Class="ProjectOutput">
                    <Platform Name="Win32">
                        <RemoteName>AIS.exe</RemoteName>
                        <Overwrite>true</Overwrite>
                    </Platform>
                </DeployFile>
                <DeployClass Required="true" Name="DependencyPackage">
                    <Platform Name="iOSDevice">
                        <Operation>1</Operation>
                        <Extensions>.dylib</Extensions>
                    </Platform>
                    <Platform Name="Win32">
                        <Operation>0</Operation>
                        <Extensions>.bpl</Extensions>
                    </Platform>
                    <Platform Name="OSX32">
                        <RemoteDir>Contents\MacOS</RemoteDir>
                        <Operation>1</Operation>
                        <Extensions>.dylib</Extensions>
                    </Platform>
                    <Platform Name="iOSSimulator">
                        <Operation>1</Operation>
                        <Extensions>.dylib</Extensions>
                    </Platform>
                </DeployClass>
                <DeployClass Name="DependencyModule">
                    <Platform Name="iOSDevice">
                        <Operation>1</Operation>
                        <Extensions>.dylib</Extensions>
                    </Platform>
                    <Platform Name="Win32">
                        <Operation>0</Operation>
                        <Extensions>.dll;.bpl</Extensions>
                    </Platform>
                    <Platform Name="OSX32">
                        <RemoteDir>Contents\MacOS</RemoteDir>
                        <Operation>1</Operation>
                        <Extensions>.dylib</Extensions>
                    </Platform>
                    <Platform Name="iOSSimulator">
                        <Operation>1</Operation>
                        <Extensions>.dylib</Extensions>
                    </Platform>
                </DeployClass>
                <DeployClass Name="iPad_Launch2048">
                    <Platform Name="iOSDevice">
                        <Operation>1</Operation>
                    </Platform>
                    <Platform Name="iOSSimulator">
                        <Operation>1</Operation>
                    </Platform>
                </DeployClass>
                <DeployClass Name="ProjectOSXInfoPList">
                    <Platform Name="OSX32">
                        <RemoteDir>Contents</RemoteDir>
                        <Operation>1</Operation>
                    </Platform>
                </DeployClass>
                <DeployClass Name="ProjectiOSDeviceDebug">
                    <Platform Name="iOSDevice">
                        <RemoteDir>..\$(PROJECTNAME).app.dSYM\Contents\Resources\DWARF</RemoteDir>
                        <Operation>1</Operation>
                    </Platform>
                </DeployClass>
                <DeployClass Name="Android_SplashImage470">
                    <Platform Name="Android">
                        <RemoteDir>res\drawable-normal</RemoteDir>
                        <Operation>1</Operation>
                    </Platform>
                </DeployClass>
                <DeployClass Name="AndroidLibnativeX86File">
                    <Platform Name="Android">
                        <RemoteDir>library\lib\x86</RemoteDir>
                        <Operation>1</Operation>
                    </Platform>
                </DeployClass>
                <DeployClass Name="ProjectiOSResource">
                    <Platform Name="iOSDevice">
                        <Operation>1</Operation>
                    </Platform>
                    <Platform Name="iOSSimulator">
                        <Operation>1</Operation>
                    </Platform>
                </DeployClass>
                <DeployClass Name="ProjectOSXEntitlements">
                    <Platform Name="OSX32">
                        <RemoteDir>../</RemoteDir>
                        <Operation>1</Operation>
                    </Platform>
                </DeployClass>
                <DeployClass Name="AndroidGDBServer">
                    <Platform Name="Android">
                        <RemoteDir>library\lib\armeabi-v7a</RemoteDir>
                        <Operation>1</Operation>
                    </Platform>
                </DeployClass>
                <DeployClass Name="iPhone_Launch640">
                    <Platform Name="iOSDevice">
                        <Operation>1</Operation>
                    </Platform>
                    <Platform Name="iOSSimulator">
                        <Operation>1</Operation>
                    </Platform>
                </DeployClass>
                <DeployClass Name="Android_SplashImage960">
                    <Platform Name="Android">
                        <RemoteDir>res\drawable-xlarge</RemoteDir>
                        <Operation>1</Operation>
                    </Platform>
                </DeployClass>
                <DeployClass Name="Android_LauncherIcon96">
                    <Platform Name="Android">
                        <RemoteDir>res\drawable-xhdpi</RemoteDir>
                        <Operation>1</Operation>
                    </Platform>
                </DeployClass>
                <DeployClass Name="iPhone_Launch320">
                    <Platform Name="iOSDevice">
                        <Operation>1</Operation>
                    </Platform>
                    <Platform Name="iOSSimulator">
                        <Operation>1</Operation>
                    </Platform>
                </DeployClass>
                <DeployClass Name="Android_LauncherIcon144">
                    <Platform Name="Android">
                        <RemoteDir>res\drawable-xxhdpi</RemoteDir>
                        <Operation>1</Operation>
                    </Platform>
                </DeployClass>
                <DeployClass Name="AndroidLibnativeMipsFile">
                    <Platform Name="Android">
                        <RemoteDir>library\lib\mips</RemoteDir>
                        <Operation>1</Operation>
                    </Platform>
                </DeployClass>
                <DeployClass Name="AndroidSplashImageDef">
                    <Platform Name="Android">
                        <RemoteDir>res\drawable</RemoteDir>
                        <Operation>1</Operation>
                    </Platform>
                </DeployClass>
                <DeployClass Name="DebugSymbols">
                    <Platform Name="OSX32">
                        <RemoteDir>Contents\MacOS</RemoteDir>
                        <Operation>1</Operation>
                    </Platform>
                    <Platform Name="iOSSimulator">
                        <Operation>1</Operation>
                    </Platform>
                    <Platform Name="Win32">
                        <Operation>0</Operation>
                    </Platform>
                </DeployClass>
                <DeployClass Name="DependencyFramework">
                    <Platform Name="OSX32">
                        <RemoteDir>Contents\MacOS</RemoteDir>
                        <Operation>1</Operation>
                        <Extensions>.framework</Extensions>
                    </Platform>
                    <Platform Name="Win32">
                        <Operation>0</Operation>
                    </Platform>
                </DeployClass>
                <DeployClass Name="Android_SplashImage426">
                    <Platform Name="Android">
                        <RemoteDir>res\drawable-small</RemoteDir>
                        <Operation>1</Operation>
                    </Platform>
                </DeployClass>
                <DeployClass Name="ProjectiOSEntitlements">
                    <Platform Name="iOSDevice">
                        <RemoteDir>../</RemoteDir>
                        <Operation>1</Operation>
                    </Platform>
                </DeployClass>
                <DeployClass Name="AdditionalDebugSymbols">
                    <Platform Name="OSX32">
                        <RemoteDir>Contents\MacOS</RemoteDir>
                        <Operation>1</Operation>
                    </Platform>
                    <Platform Name="iOSSimulator">
                        <Operation>1</Operation>
                    </Platform>
                    <Platform Name="Win32">
                        <RemoteDir>Contents\MacOS</RemoteDir>
                        <Operation>0</Operation>
                    </Platform>
                </DeployClass>
                <DeployClass Name="AndroidClassesDexFile">
                    <Platform Name="Android">
                        <RemoteDir>classes</RemoteDir>
                        <Operation>1</Operation>
                    </Platform>
                </DeployClass>
                <DeployClass Name="ProjectiOSInfoPList">
                    <Platform Name="iOSDevice">
                        <Operation>1</Operation>
                    </Platform>
                    <Platform Name="iOSSimulator">
                        <Operation>1</Operation>
                    </Platform>
                </DeployClass>
                <DeployClass Name="iPad_Launch1024">
                    <Platform Name="iOSDevice">
                        <Operation>1</Operation>
                    </Platform>
                    <Platform Name="iOSSimulator">
                        <Operation>1</Operation>
                    </Platform>
                </DeployClass>
                <DeployClass Name="Android_DefaultAppIcon">
                    <Platform Name="Android">
                        <RemoteDir>res\drawable</RemoteDir>
                        <Operation>1</Operation>
                    </Platform>
                </DeployClass>
                <DeployClass Name="ProjectOSXResource">
                    <Platform Name="OSX32">
                        <RemoteDir>Contents\Resources</RemoteDir>
                        <Operation>1</Operation>
                    </Platform>
                </DeployClass>
                <DeployClass Name="ProjectiOSDeviceResourceRules">
                    <Platform Name="iOSDevice">
                        <Operation>1</Operation>
                    </Platform>
                </DeployClass>
                <DeployClass Name="iPad_Launch768">
                    <Platform Name="iOSDevice">
                        <Operation>1</Operation>
                    </Platform>
                    <Platform Name="iOSSimulator">
                        <Operation>1</Operation>
                    </Platform>
                </DeployClass>
                <DeployClass Required="true" Name="ProjectOutput">
                    <Platform Name="iOSDevice">
                        <Operation>1</Operation>
                    </Platform>
                    <Platform Name="Android">
                        <RemoteDir>library\lib\armeabi-v7a</RemoteDir>
                        <Operation>1</Operation>
                    </Platform>
                    <Platform Name="Win32">
                        <Operation>0</Operation>
                    </Platform>
                    <Platform Name="OSX32">
                        <RemoteDir>Contents\MacOS</RemoteDir>
                        <Operation>1</Operation>
                    </Platform>
                    <Platform Name="iOSSimulator">
                        <Operation>1</Operation>
                    </Platform>
                </DeployClass>
                <DeployClass Name="AndroidLibnativeArmeabiFile">
                    <Platform Name="Android">
                        <RemoteDir>library\lib\armeabi</RemoteDir>
                        <Operation>1</Operation>
                    </Platform>
                </DeployClass>
                <DeployClass Name="Android_SplashImage640">
                    <Platform Name="Android">
                        <RemoteDir>res\drawable-large</RemoteDir>
                        <Operation>1</Operation>
                    </Platform>
                </DeployClass>
                <DeployClass Name="File">
                    <Platform Name="iOSDevice">
                        <Operation>0</Operation>
                    </Platform>
                    <Platform Name="Android">
                        <Operation>0</Operation>
                    </Platform>
                    <Platform Name="Win32">
                        <Operation>0</Operation>
                    </Platform>
                    <Platform Name="OSX32">
                        <RemoteDir>Contents\MacOS</RemoteDir>
                        <Operation>0</Operation>
                    </Platform>
                    <Platform Name="iOSSimulator">
                        <Operation>0</Operation>
                    </Platform>
                </DeployClass>
                <DeployClass Name="iPhone_Launch640x1136">
                    <Platform Name="iOSDevice">
                        <Operation>1</Operation>
                    </Platform>
                    <Platform Name="iOSSimulator">
                        <Operation>1</Operation>
                    </Platform>
                </DeployClass>
                <DeployClass Name="Android_LauncherIcon36">
                    <Platform Name="Android">
                        <RemoteDir>res\drawable-ldpi</RemoteDir>
                        <Operation>1</Operation>
                    </Platform>
                </DeployClass>
                <DeployClass Name="AndroidSplashStyles">
                    <Platform Name="Android">
                        <RemoteDir>res\values</RemoteDir>
                        <Operation>1</Operation>
                    </Platform>
                </DeployClass>
                <DeployClass Name="iPad_Launch1536">
                    <Platform Name="iOSDevice">
                        <Operation>1</Operation>
                    </Platform>
                    <Platform Name="iOSSimulator">
                        <Operation>1</Operation>
                    </Platform>
                </DeployClass>
                <DeployClass Name="Android_LauncherIcon48">
                    <Platform Name="Android">
                        <RemoteDir>res\drawable-mdpi</RemoteDir>
                        <Operation>1</Operation>
                    </Platform>
                </DeployClass>
                <DeployClass Name="Android_LauncherIcon72">
                    <Platform Name="Android">
                        <RemoteDir>res\drawable-hdpi</RemoteDir>
                        <Operation>1</Operation>
                    </Platform>
                </DeployClass>
                <DeployClass Name="ProjectAndroidManifest">
                    <Platform Name="Android">
                        <Operation>1</Operation>
                    </Platform>
                </DeployClass>
                <ProjectRoot Platform="Android" Name="$(PROJECTNAME)"/>
                <ProjectRoot Platform="iOSDevice" Name="$(PROJECTNAME).app"/>
                <ProjectRoot Platform="Win32" Name="$(PROJECTNAME)"/>
                <ProjectRoot Platform="OSX32" Name="$(PROJECTNAME).app"/>
                <ProjectRoot Platform="iOSSimulator" Name="$(PROJECTNAME).app"/>
                <ProjectRoot Platform="Win64" Name="$(PROJECTNAME)"/>
            </Deployment>
            <Platforms>
                <Platform value="Win32">True</Platform>
                <Platform value="Win64">False</Platform>
            </Platforms>
            <ModelSupport>False</ModelSupport>
        </BorlandProject>
        <ProjectFileVersion>12</ProjectFileVersion>
    </ProjectExtensions>
    <Import Project="$(BDS)\Bin\CodeGear.Delphi.Targets" Condition="Exists('$(BDS)\Bin\CodeGear.Delphi.Targets')"/>
    <Import Project="$(APPDATA)\Embarcadero\$(BDSAPPDATABASEDIR)\$(PRODUCTVERSION)\UserTools.proj" Condition="Exists('$(APPDATA)\Embarcadero\$(BDSAPPDATABASEDIR)\$(PRODUCTVERSION)\UserTools.proj')"/>
    <Import Project="$(MSBuildProjectName).deployproj" Condition="Exists('$(MSBuildProjectName).deployproj')"/>
</Project>

<!-- EurekaLog First Line
[Exception Log]
EurekaLog Version=7007
Activate=0
DeleteMapAfterCompile=0
Encrypt Password=""
EurekaLog Last Line -->
